
Microsoft Visual Studio Solution File, Format Version 12.00
# Visual Studio Version 17
VisualStudioVersion = 17.4.33205.214
MinimumVisualStudioVersion = 10.0.40219.1
Project("{2150E333-8FDC-42A3-9474-1A3956D46DE8}") = "_", "_", "{C0F436B1-C3B7-4852-8AB6-BE11C299FAE4}"
	ProjectSection(SolutionItems) = preProject
		ReadMe.txt = ReadMe.txt
	EndProjectSection
EndProject
Project("{2150E333-8FDC-42A3-9474-1A3956D46DE8}") = "00", "00", "{6ABE9232-BED7-4EAE-A8B1-C18BB226FF19}"
EndProject
Project("{2150E333-8FDC-42A3-9474-1A3956D46DE8}") = "01", "01", "{9B817822-85BF-46D5-BCAA-E6DA0CB40DA9}"
EndProject
Project("{2150E333-8FDC-42A3-9474-1A3956D46DE8}") = "02", "02", "{43E67A4C-4EF8-4CCC-9756-616FCFF0E443}"
EndProject
Project("{2150E333-8FDC-42A3-9474-1A3956D46DE8}") = "03", "03", "{6F29345D-7F7C-4962-B0DB-F9AAB370FEBD}"
EndProject
Project("{2150E333-8FDC-42A3-9474-1A3956D46DE8}") = "04", "04", "{3BFB1344-290C-45A3-8FE8-6A60BBB0574F}"
EndProject
Project("{2150E333-8FDC-42A3-9474-1A3956D46DE8}") = "05", "05", "{D244FF84-AB13-4941-85F3-43BDEBE41FE5}"
EndProject
Project("{2150E333-8FDC-42A3-9474-1A3956D46DE8}") = "06", "06", "{FEDAF4AE-A1F3-419A-AF0B-AC16AE65CAB1}"
EndProject
Project("{2150E333-8FDC-42A3-9474-1A3956D46DE8}") = "07", "07", "{1B4FD5F6-024E-4C7F-ACE0-E21D8C3EA57E}"
EndProject
Project("{2150E333-8FDC-42A3-9474-1A3956D46DE8}") = "08", "08", "{5F8CAB64-2C92-45DF-99B0-A474538E9F9E}"
EndProject
Project("{FAE04EC0-301F-11D3-BF4B-00C04F79EFBC}") = "PretplataNaDogađaje", "PretplataNaDogadjaje\PretplataNaDogađaje.csproj", "{2DD89507-73A7-43CA-A9C5-9AA9D511D230}"
EndProject
Project("{FAE04EC0-301F-11D3-BF4B-00C04F79EFBC}") = "PridruživanjeMetodaIPozivDelegata", "PridruzivanjeMetodaIPozivDelegata\PridruživanjeMetodaIPozivDelegata.csproj", "{2E42D06F-7DCD-42E7-91AF-185C1ACAC3CB}"
EndProject
Project("{FAE04EC0-301F-11D3-BF4B-00C04F79EFBC}") = "ProsljeđivanjeDelegata", "ProsljedjivanjeDelegata\ProsljeđivanjeDelegata.csproj", "{8CC6CC29-1B04-4F67-924D-F3EC0ADE27F1}"
EndProject
Project("{FAE04EC0-301F-11D3-BF4B-00C04F79EFBC}") = "UlančavanjeDelegata", "UlancavanjeDelegata\UlančavanjeDelegata.csproj", "{3F15F352-58B0-493C-B9F0-A10A2C78AE75}"
EndProject
Project("{FAE04EC0-301F-11D3-BF4B-00C04F79EFBC}") = "GetInvocationList", "GetInvocationList\GetInvocationList.csproj", "{0C25F4E0-9E38-4AC3-93C8-5008B5407531}"
EndProject
Project("{FAE04EC0-301F-11D3-BF4B-00C04F79EFBC}") = "LambdaIzrazi", "LambdaIzrazi\LambdaIzrazi.csproj", "{7EF7E8D4-B810-45CF-A47D-CA8C0E472723}"
EndProject
Project("{FAE04EC0-301F-11D3-BF4B-00C04F79EFBC}") = "DefiniranjeDogađaja", "DefiniranjeDogadjaja\DefiniranjeDogađaja.csproj", "{17C21E78-286F-4901-A4B9-30734C6C167B}"
EndProject
Project("{FAE04EC0-301F-11D3-BF4B-00C04F79EFBC}") = "CurenjeMemorijeZbogNeodjave", "CurenjeMemorijeZbogNeodjave\CurenjeMemorijeZbogNeodjave.csproj", "{97E871A5-8241-4DB0-8E82-A35ED1F4170D}"
EndProject
Project("{FAE04EC0-301F-11D3-BF4B-00C04F79EFBC}") = "DogadjajiVirtualneMetode", "DogadjajiVirtualneMetode\DogadjajiVirtualneMetode.csproj", "{A6EBDEF7-6FA9-4827-BD96-DF259AE5447A}"
EndProject
Project("{FAE04EC0-301F-11D3-BF4B-00C04F79EFBC}") = "Testovi", "Testovi\Testovi.csproj", "{D2F884F3-4CB7-42CD-B5A0-534DFD8AF645}"
EndProject
Global
	GlobalSection(SolutionConfigurationPlatforms) = preSolution
		Debug|Any CPU = Debug|Any CPU
		Release|Any CPU = Release|Any CPU
	EndGlobalSection
	GlobalSection(ProjectConfigurationPlatforms) = postSolution
		{2DD89507-73A7-43CA-A9C5-9AA9D511D230}.Debug|Any CPU.ActiveCfg = Debug|Any CPU
		{2DD89507-73A7-43CA-A9C5-9AA9D511D230}.Debug|Any CPU.Build.0 = Debug|Any CPU
		{2DD89507-73A7-43CA-A9C5-9AA9D511D230}.Release|Any CPU.ActiveCfg = Release|Any CPU
		{2DD89507-73A7-43CA-A9C5-9AA9D511D230}.Release|Any CPU.Build.0 = Release|Any CPU
		{2E42D06F-7DCD-42E7-91AF-185C1ACAC3CB}.Debug|Any CPU.ActiveCfg = Debug|Any CPU
		{2E42D06F-7DCD-42E7-91AF-185C1ACAC3CB}.Debug|Any CPU.Build.0 = Debug|Any CPU
		{2E42D06F-7DCD-42E7-91AF-185C1ACAC3CB}.Release|Any CPU.ActiveCfg = Release|Any CPU
		{2E42D06F-7DCD-42E7-91AF-185C1ACAC3CB}.Release|Any CPU.Build.0 = Release|Any CPU
		{8CC6CC29-1B04-4F67-924D-F3EC0ADE27F1}.Debug|Any CPU.ActiveCfg = Debug|Any CPU
		{8CC6CC29-1B04-4F67-924D-F3EC0ADE27F1}.Debug|Any CPU.Build.0 = Debug|Any CPU
		{8CC6CC29-1B04-4F67-924D-F3EC0ADE27F1}.Release|Any CPU.ActiveCfg = Release|Any CPU
		{8CC6CC29-1B04-4F67-924D-F3EC0ADE27F1}.Release|Any CPU.Build.0 = Release|Any CPU
		{3F15F352-58B0-493C-B9F0-A10A2C78AE75}.Debug|Any CPU.ActiveCfg = Debug|Any CPU
		{3F15F352-58B0-493C-B9F0-A10A2C78AE75}.Debug|Any CPU.Build.0 = Debug|Any CPU
		{3F15F352-58B0-493C-B9F0-A10A2C78AE75}.Release|Any CPU.ActiveCfg = Release|Any CPU
		{3F15F352-58B0-493C-B9F0-A10A2C78AE75}.Release|Any CPU.Build.0 = Release|Any CPU
		{0C25F4E0-9E38-4AC3-93C8-5008B5407531}.Debug|Any CPU.ActiveCfg = Debug|Any CPU
		{0C25F4E0-9E38-4AC3-93C8-5008B5407531}.Debug|Any CPU.Build.0 = Debug|Any CPU
		{0C25F4E0-9E38-4AC3-93C8-5008B5407531}.Release|Any CPU.ActiveCfg = Release|Any CPU
		{0C25F4E0-9E38-4AC3-93C8-5008B5407531}.Release|Any CPU.Build.0 = Release|Any CPU
		{7EF7E8D4-B810-45CF-A47D-CA8C0E472723}.Debug|Any CPU.ActiveCfg = Debug|Any CPU
		{7EF7E8D4-B810-45CF-A47D-CA8C0E472723}.Debug|Any CPU.Build.0 = Debug|Any CPU
		{7EF7E8D4-B810-45CF-A47D-CA8C0E472723}.Release|Any CPU.ActiveCfg = Release|Any CPU
		{7EF7E8D4-B810-45CF-A47D-CA8C0E472723}.Release|Any CPU.Build.0 = Release|Any CPU
		{17C21E78-286F-4901-A4B9-30734C6C167B}.Debug|Any CPU.ActiveCfg = Debug|Any CPU
		{17C21E78-286F-4901-A4B9-30734C6C167B}.Debug|Any CPU.Build.0 = Debug|Any CPU
		{17C21E78-286F-4901-A4B9-30734C6C167B}.Release|Any CPU.ActiveCfg = Release|Any CPU
		{17C21E78-286F-4901-A4B9-30734C6C167B}.Release|Any CPU.Build.0 = Release|Any CPU
		{97E871A5-8241-4DB0-8E82-A35ED1F4170D}.Debug|Any CPU.ActiveCfg = Debug|Any CPU
		{97E871A5-8241-4DB0-8E82-A35ED1F4170D}.Debug|Any CPU.Build.0 = Debug|Any CPU
		{97E871A5-8241-4DB0-8E82-A35ED1F4170D}.Release|Any CPU.ActiveCfg = Release|Any CPU
		{97E871A5-8241-4DB0-8E82-A35ED1F4170D}.Release|Any CPU.Build.0 = Release|Any CPU
		{A6EBDEF7-6FA9-4827-BD96-DF259AE5447A}.Debug|Any CPU.ActiveCfg = Debug|Any CPU
		{A6EBDEF7-6FA9-4827-BD96-DF259AE5447A}.Debug|Any CPU.Build.0 = Debug|Any CPU
		{A6EBDEF7-6FA9-4827-BD96-DF259AE5447A}.Release|Any CPU.ActiveCfg = Release|Any CPU
		{A6EBDEF7-6FA9-4827-BD96-DF259AE5447A}.Release|Any CPU.Build.0 = Release|Any CPU
		{D2F884F3-4CB7-42CD-B5A0-534DFD8AF645}.Debug|Any CPU.ActiveCfg = Debug|Any CPU
		{D2F884F3-4CB7-42CD-B5A0-534DFD8AF645}.Debug|Any CPU.Build.0 = Debug|Any CPU
		{D2F884F3-4CB7-42CD-B5A0-534DFD8AF645}.Release|Any CPU.ActiveCfg = Release|Any CPU
		{D2F884F3-4CB7-42CD-B5A0-534DFD8AF645}.Release|Any CPU.Build.0 = Release|Any CPU
	EndGlobalSection
	GlobalSection(SolutionProperties) = preSolution
		HideSolutionNode = FALSE
	EndGlobalSection
	GlobalSection(NestedProjects) = preSolution
		{2DD89507-73A7-43CA-A9C5-9AA9D511D230} = {6ABE9232-BED7-4EAE-A8B1-C18BB226FF19}
		{2E42D06F-7DCD-42E7-91AF-185C1ACAC3CB} = {9B817822-85BF-46D5-BCAA-E6DA0CB40DA9}
		{8CC6CC29-1B04-4F67-924D-F3EC0ADE27F1} = {43E67A4C-4EF8-4CCC-9756-616FCFF0E443}
		{3F15F352-58B0-493C-B9F0-A10A2C78AE75} = {6F29345D-7F7C-4962-B0DB-F9AAB370FEBD}
		{0C25F4E0-9E38-4AC3-93C8-5008B5407531} = {3BFB1344-290C-45A3-8FE8-6A60BBB0574F}
		{7EF7E8D4-B810-45CF-A47D-CA8C0E472723} = {D244FF84-AB13-4941-85F3-43BDEBE41FE5}
		{17C21E78-286F-4901-A4B9-30734C6C167B} = {FEDAF4AE-A1F3-419A-AF0B-AC16AE65CAB1}
		{97E871A5-8241-4DB0-8E82-A35ED1F4170D} = {1B4FD5F6-024E-4C7F-ACE0-E21D8C3EA57E}
		{A6EBDEF7-6FA9-4827-BD96-DF259AE5447A} = {5F8CAB64-2C92-45DF-99B0-A474538E9F9E}
	EndGlobalSection
	GlobalSection(ExtensibilityGlobals) = postSolution
		SolutionGuid = {453077DD-AD69-4458-B542-A767EC1A105F}
	EndGlobalSection
EndGlobal
