
Microsoft Visual Studio Solution File, Format Version 12.00
# Visual Studio Version 16
VisualStudioVersion = 16.0.29609.76
MinimumVisualStudioVersion = 10.0.40219.1
Project("{2150E333-8FDC-42A3-9474-1A3956D46DE8}") = "_", "_", "{C0F436B1-C3B7-4852-8AB6-BE11C299FAE4}"
	ProjectSection(SolutionItems) = preProject
		ReadMe.txt = ReadMe.txt
	EndProjectSection
EndProject
Project("{2150E333-8FDC-42A3-9474-1A3956D46DE8}") = "00", "00", "{6ABE9232-BED7-4EAE-A8B1-C18BB226FF19}"
EndProject
Project("{2150E333-8FDC-42A3-9474-1A3956D46DE8}") = "01", "01", "{9B817822-85BF-46D5-BCAA-E6DA0CB40DA9}"
EndProject
Project("{2150E333-8FDC-42A3-9474-1A3956D46DE8}") = "02", "02", "{43E67A4C-4EF8-4CCC-9756-616FCFF0E443}"
EndProject
Project("{2150E333-8FDC-42A3-9474-1A3956D46DE8}") = "03", "03", "{6F29345D-7F7C-4962-B0DB-F9AAB370FEBD}"
EndProject
Project("{2150E333-8FDC-42A3-9474-1A3956D46DE8}") = "04", "04", "{3BFB1344-290C-45A3-8FE8-6A60BBB0574F}"
	ProjectSection(SolutionItems) = preProject
		ProsljedjivanjeDelegata\App.config = ProsljedjivanjeDelegata\App.config
	EndProjectSection
EndProject
Project("{2150E333-8FDC-42A3-9474-1A3956D46DE8}") = "05", "05", "{D244FF84-AB13-4941-85F3-43BDEBE41FE5}"
EndProject
Project("{2150E333-8FDC-42A3-9474-1A3956D46DE8}") = "06", "06", "{FEDAF4AE-A1F3-419A-AF0B-AC16AE65CAB1}"
EndProject
Project("{2150E333-8FDC-42A3-9474-1A3956D46DE8}") = "07", "07", "{1B4FD5F6-024E-4C7F-ACE0-E21D8C3EA57E}"
EndProject
Project("{2150E333-8FDC-42A3-9474-1A3956D46DE8}") = "08", "08", "{5F8CAB64-2C92-45DF-99B0-A474538E9F9E}"
EndProject
Project("{2150E333-8FDC-42A3-9474-1A3956D46DE8}") = "09", "09", "{90E79AB8-D950-462E-9B5D-08ADFFF317F8}"
EndProject
Project("{2150E333-8FDC-42A3-9474-1A3956D46DE8}") = "10", "10", "{CF6AD32E-86C0-4698-8AFF-F0D827D65238}"
EndProject
Project("{FAE04EC0-301F-11D3-BF4B-00C04F79EFBC}") = "PretplataNaDogađaje", "PretplataNaDogadjaje\PretplataNaDogađaje.csproj", "{D9CD6057-DD3B-40EB-A682-33592786F9E6}"
EndProject
Project("{FAE04EC0-301F-11D3-BF4B-00C04F79EFBC}") = "PridruživanjeMetodaIPozivDelegata", "PridruzivanjeMetodaIPozivDelegata\PridruživanjeMetodaIPozivDelegata.csproj", "{6710716C-B43C-4070-91FE-486150283207}"
EndProject
Project("{FAE04EC0-301F-11D3-BF4B-00C04F79EFBC}") = "ProsljeđivanjeDelegata", "ProsljedjivanjeDelegata\ProsljeđivanjeDelegata.csproj", "{A3DBE65D-9FC4-437B-85D6-304AC58DEA64}"
EndProject
Project("{FAE04EC0-301F-11D3-BF4B-00C04F79EFBC}") = "UlančavanjeDelegata", "UlancavanjeDelegata\UlančavanjeDelegata.csproj", "{8E739E7A-5A5B-4BED-862A-99954C99FE69}"
EndProject
Project("{FAE04EC0-301F-11D3-BF4B-00C04F79EFBC}") = "GetInvocationList", "GetInvocationList\GetInvocationList.csproj", "{11397FCF-3503-4381-ADE3-A1AA818BA627}"
EndProject
Project("{FAE04EC0-301F-11D3-BF4B-00C04F79EFBC}") = "LambdaIzrazi", "LambdaIzrazi\LambdaIzrazi.csproj", "{27D22B2C-FEF1-4C81-915A-6ED11C95F292}"
EndProject
Project("{FAE04EC0-301F-11D3-BF4B-00C04F79EFBC}") = "AnonimnaMetoda", "AnonimnaMetoda\AnonimnaMetoda.csproj", "{8414174C-C2DE-4008-A55D-A4A6D569B1D3}"
EndProject
Project("{FAE04EC0-301F-11D3-BF4B-00C04F79EFBC}") = "BlokiranjeGlavneNiti", "BlokiranjeGlavneNiti\BlokiranjeGlavneNiti.csproj", "{9F94770E-2D19-4ADB-B6B3-22CB739161F5}"
EndProject
Project("{FAE04EC0-301F-11D3-BF4B-00C04F79EFBC}") = "DefiniranjeDogađaja", "DefiniranjeDogadjaja\DefiniranjeDogađaja.csproj", "{7CB6CB45-20A5-4B2E-B0E7-30819191E9DE}"
EndProject
Project("{FAE04EC0-301F-11D3-BF4B-00C04F79EFBC}") = "CurenjeMemorijeZbogNeodjave", "CurenjeMemorijeZbogNeodjave\CurenjeMemorijeZbogNeodjave.csproj", "{D981B9CB-1898-44B4-A855-0F7D3AD62997}"
EndProject
Project("{FAE04EC0-301F-11D3-BF4B-00C04F79EFBC}") = "DogađajiVirtualneMetode", "DogadjajiVirtualneMetode\DogađajiVirtualneMetode.csproj", "{D592914A-1C67-4504-8F0C-341933E01DB9}"
EndProject
Project("{FAE04EC0-301F-11D3-BF4B-00C04F79EFBC}") = "Testovi", "Testovi\Testovi.csproj", "{BE6217D7-169A-410E-89B8-A14E72DC1BC4}"
EndProject
Global
	GlobalSection(SolutionConfigurationPlatforms) = preSolution
		Debug|Any CPU = Debug|Any CPU
		Release|Any CPU = Release|Any CPU
	EndGlobalSection
	GlobalSection(ProjectConfigurationPlatforms) = postSolution
		{D9CD6057-DD3B-40EB-A682-33592786F9E6}.Debug|Any CPU.ActiveCfg = Debug|Any CPU
		{D9CD6057-DD3B-40EB-A682-33592786F9E6}.Debug|Any CPU.Build.0 = Debug|Any CPU
		{D9CD6057-DD3B-40EB-A682-33592786F9E6}.Release|Any CPU.ActiveCfg = Release|Any CPU
		{D9CD6057-DD3B-40EB-A682-33592786F9E6}.Release|Any CPU.Build.0 = Release|Any CPU
		{6710716C-B43C-4070-91FE-486150283207}.Debug|Any CPU.ActiveCfg = Debug|Any CPU
		{6710716C-B43C-4070-91FE-486150283207}.Debug|Any CPU.Build.0 = Debug|Any CPU
		{6710716C-B43C-4070-91FE-486150283207}.Release|Any CPU.ActiveCfg = Release|Any CPU
		{6710716C-B43C-4070-91FE-486150283207}.Release|Any CPU.Build.0 = Release|Any CPU
		{A3DBE65D-9FC4-437B-85D6-304AC58DEA64}.Debug|Any CPU.ActiveCfg = Debug|Any CPU
		{A3DBE65D-9FC4-437B-85D6-304AC58DEA64}.Debug|Any CPU.Build.0 = Debug|Any CPU
		{A3DBE65D-9FC4-437B-85D6-304AC58DEA64}.Release|Any CPU.ActiveCfg = Release|Any CPU
		{A3DBE65D-9FC4-437B-85D6-304AC58DEA64}.Release|Any CPU.Build.0 = Release|Any CPU
		{8E739E7A-5A5B-4BED-862A-99954C99FE69}.Debug|Any CPU.ActiveCfg = Debug|Any CPU
		{8E739E7A-5A5B-4BED-862A-99954C99FE69}.Debug|Any CPU.Build.0 = Debug|Any CPU
		{8E739E7A-5A5B-4BED-862A-99954C99FE69}.Release|Any CPU.ActiveCfg = Release|Any CPU
		{8E739E7A-5A5B-4BED-862A-99954C99FE69}.Release|Any CPU.Build.0 = Release|Any CPU
		{11397FCF-3503-4381-ADE3-A1AA818BA627}.Debug|Any CPU.ActiveCfg = Debug|Any CPU
		{11397FCF-3503-4381-ADE3-A1AA818BA627}.Debug|Any CPU.Build.0 = Debug|Any CPU
		{11397FCF-3503-4381-ADE3-A1AA818BA627}.Release|Any CPU.ActiveCfg = Release|Any CPU
		{11397FCF-3503-4381-ADE3-A1AA818BA627}.Release|Any CPU.Build.0 = Release|Any CPU
		{27D22B2C-FEF1-4C81-915A-6ED11C95F292}.Debug|Any CPU.ActiveCfg = Debug|Any CPU
		{27D22B2C-FEF1-4C81-915A-6ED11C95F292}.Debug|Any CPU.Build.0 = Debug|Any CPU
		{27D22B2C-FEF1-4C81-915A-6ED11C95F292}.Release|Any CPU.ActiveCfg = Release|Any CPU
		{27D22B2C-FEF1-4C81-915A-6ED11C95F292}.Release|Any CPU.Build.0 = Release|Any CPU
		{8414174C-C2DE-4008-A55D-A4A6D569B1D3}.Debug|Any CPU.ActiveCfg = Debug|Any CPU
		{8414174C-C2DE-4008-A55D-A4A6D569B1D3}.Debug|Any CPU.Build.0 = Debug|Any CPU
		{8414174C-C2DE-4008-A55D-A4A6D569B1D3}.Release|Any CPU.ActiveCfg = Release|Any CPU
		{8414174C-C2DE-4008-A55D-A4A6D569B1D3}.Release|Any CPU.Build.0 = Release|Any CPU
		{9F94770E-2D19-4ADB-B6B3-22CB739161F5}.Debug|Any CPU.ActiveCfg = Debug|Any CPU
		{9F94770E-2D19-4ADB-B6B3-22CB739161F5}.Debug|Any CPU.Build.0 = Debug|Any CPU
		{9F94770E-2D19-4ADB-B6B3-22CB739161F5}.Release|Any CPU.ActiveCfg = Release|Any CPU
		{9F94770E-2D19-4ADB-B6B3-22CB739161F5}.Release|Any CPU.Build.0 = Release|Any CPU
		{7CB6CB45-20A5-4B2E-B0E7-30819191E9DE}.Debug|Any CPU.ActiveCfg = Debug|Any CPU
		{7CB6CB45-20A5-4B2E-B0E7-30819191E9DE}.Debug|Any CPU.Build.0 = Debug|Any CPU
		{7CB6CB45-20A5-4B2E-B0E7-30819191E9DE}.Release|Any CPU.ActiveCfg = Release|Any CPU
		{7CB6CB45-20A5-4B2E-B0E7-30819191E9DE}.Release|Any CPU.Build.0 = Release|Any CPU
		{D981B9CB-1898-44B4-A855-0F7D3AD62997}.Debug|Any CPU.ActiveCfg = Debug|Any CPU
		{D981B9CB-1898-44B4-A855-0F7D3AD62997}.Debug|Any CPU.Build.0 = Debug|Any CPU
		{D981B9CB-1898-44B4-A855-0F7D3AD62997}.Release|Any CPU.ActiveCfg = Release|Any CPU
		{D981B9CB-1898-44B4-A855-0F7D3AD62997}.Release|Any CPU.Build.0 = Release|Any CPU
		{D592914A-1C67-4504-8F0C-341933E01DB9}.Debug|Any CPU.ActiveCfg = Debug|Any CPU
		{D592914A-1C67-4504-8F0C-341933E01DB9}.Debug|Any CPU.Build.0 = Debug|Any CPU
		{D592914A-1C67-4504-8F0C-341933E01DB9}.Release|Any CPU.ActiveCfg = Release|Any CPU
		{D592914A-1C67-4504-8F0C-341933E01DB9}.Release|Any CPU.Build.0 = Release|Any CPU
		{BE6217D7-169A-410E-89B8-A14E72DC1BC4}.Debug|Any CPU.ActiveCfg = Debug|Any CPU
		{BE6217D7-169A-410E-89B8-A14E72DC1BC4}.Debug|Any CPU.Build.0 = Debug|Any CPU
		{BE6217D7-169A-410E-89B8-A14E72DC1BC4}.Release|Any CPU.ActiveCfg = Release|Any CPU
		{BE6217D7-169A-410E-89B8-A14E72DC1BC4}.Release|Any CPU.Build.0 = Release|Any CPU
	EndGlobalSection
	GlobalSection(SolutionProperties) = preSolution
		HideSolutionNode = FALSE
	EndGlobalSection
	GlobalSection(NestedProjects) = preSolution
		{D9CD6057-DD3B-40EB-A682-33592786F9E6} = {6ABE9232-BED7-4EAE-A8B1-C18BB226FF19}
		{6710716C-B43C-4070-91FE-486150283207} = {9B817822-85BF-46D5-BCAA-E6DA0CB40DA9}
		{A3DBE65D-9FC4-437B-85D6-304AC58DEA64} = {43E67A4C-4EF8-4CCC-9756-616FCFF0E443}
		{8E739E7A-5A5B-4BED-862A-99954C99FE69} = {6F29345D-7F7C-4962-B0DB-F9AAB370FEBD}
		{11397FCF-3503-4381-ADE3-A1AA818BA627} = {3BFB1344-290C-45A3-8FE8-6A60BBB0574F}
		{27D22B2C-FEF1-4C81-915A-6ED11C95F292} = {D244FF84-AB13-4941-85F3-43BDEBE41FE5}
		{8414174C-C2DE-4008-A55D-A4A6D569B1D3} = {FEDAF4AE-A1F3-419A-AF0B-AC16AE65CAB1}
		{9F94770E-2D19-4ADB-B6B3-22CB739161F5} = {1B4FD5F6-024E-4C7F-ACE0-E21D8C3EA57E}
		{7CB6CB45-20A5-4B2E-B0E7-30819191E9DE} = {5F8CAB64-2C92-45DF-99B0-A474538E9F9E}
		{D981B9CB-1898-44B4-A855-0F7D3AD62997} = {90E79AB8-D950-462E-9B5D-08ADFFF317F8}
		{D592914A-1C67-4504-8F0C-341933E01DB9} = {CF6AD32E-86C0-4698-8AFF-F0D827D65238}
	EndGlobalSection
	GlobalSection(ExtensibilityGlobals) = postSolution
		SolutionGuid = {453077DD-AD69-4458-B542-A767EC1A105F}
	EndGlobalSection
EndGlobal
